
Microsoft Visual Studio Solution File, Format Version 12.00
# Visual Studio 15
VisualStudioVersion = 15.0.28307.1209
MinimumVisualStudioVersion = 10.0.40219.1
Project("{FAE04EC0-301F-11D3-BF4B-00C04F79EFBC}") = "Tutorial5Pull", "Tutorial5Pull\Tutorial5Pull.csproj", "{B319FEB9-15F8-4620-8F9B-361BE0BAB86D}"
EndProject
Global
	GlobalSection(SolutionConfigurationPlatforms) = preSolution
		Debug|Any CPU = Debug|Any CPU
		Release|Any CPU = Release|Any CPU
	EndGlobalSection
	GlobalSection(ProjectConfigurationPlatforms) = postSolution
		{B319FEB9-15F8-4620-8F9B-361BE0BAB86D}.Debug|Any CPU.ActiveCfg = Debug|Any CPU
		{B319FEB9-15F8-4620-8F9B-361BE0BAB86D}.Debug|Any CPU.Build.0 = Debug|Any CPU
		{B319FEB9-15F8-4620-8F9B-361BE0BAB86D}.Release|Any CPU.ActiveCfg = Release|Any CPU
		{B319FEB9-15F8-4620-8F9B-361BE0BAB86D}.Release|Any CPU.Build.0 = Release|Any CPU
	EndGlobalSection
	GlobalSection(SolutionProperties) = preSolution
		HideSolutionNode = FALSE
	EndGlobalSection
	GlobalSection(ExtensibilityGlobals) = postSolution
		SolutionGuid = {A0631791-9A06-40D1-A9BB-2187FD6ADDFF}
	EndGlobalSection
EndGlobal
