
Microsoft Visual Studio Solution File, Format Version 12.00
# Visual Studio 15
VisualStudioVersion = 15.0.28307.1209
MinimumVisualStudioVersion = 10.0.40219.1
Project("{FAE04EC0-301F-11D3-BF4B-00C04F79EFBC}") = "Tutorial7Pizza", "Tutorial7Pizza\Tutorial7Pizza.csproj", "{AD677EE3-204C-4823-A2EA-38F5C0A450A2}"
EndProject
Global
	GlobalSection(SolutionConfigurationPlatforms) = preSolution
		Debug|Any CPU = Debug|Any CPU
		Release|Any CPU = Release|Any CPU
	EndGlobalSection
	GlobalSection(ProjectConfigurationPlatforms) = postSolution
		{AD677EE3-204C-4823-A2EA-38F5C0A450A2}.Debug|Any CPU.ActiveCfg = Debug|Any CPU
		{AD677EE3-204C-4823-A2EA-38F5C0A450A2}.Debug|Any CPU.Build.0 = Debug|Any CPU
		{AD677EE3-204C-4823-A2EA-38F5C0A450A2}.Release|Any CPU.ActiveCfg = Release|Any CPU
		{AD677EE3-204C-4823-A2EA-38F5C0A450A2}.Release|Any CPU.Build.0 = Release|Any CPU
	EndGlobalSection
	GlobalSection(SolutionProperties) = preSolution
		HideSolutionNode = FALSE
	EndGlobalSection
	GlobalSection(ExtensibilityGlobals) = postSolution
		SolutionGuid = {8AD139A6-3AD5-439A-978E-31D2B15B7748}
	EndGlobalSection
EndGlobal
